
Microsoft Visual Studio Solution File, Format Version 12.00
# Visual Studio Version 16
VisualStudioVersion = 16.0.29503.13
MinimumVisualStudioVersion = 10.0.40219.1
Project("{FAE04EC0-301F-11D3-BF4B-00C04F79EFBC}") = "SchoolManager.Desktop", "SchoolManager.Desktop\SchoolManager.Desktop.csproj", "{AC5E8F69-DBE3-47EF-96F1-EC40A38B9A69}"
EndProject
Project("{FAE04EC0-301F-11D3-BF4B-00C04F79EFBC}") = "SchoolManager.Logic", "SchoolManager.Logic\SchoolManager.Logic.csproj", "{85E96747-703A-452A-A305-3B6D52D14ED9}"
EndProject
Project("{FAE04EC0-301F-11D3-BF4B-00C04F79EFBC}") = "SchoolManager.Data", "SchoolManager.Data\SchoolManager.Data.csproj", "{5C104B5C-8270-4CDF-BBA8-3E19B82BEC5A}"
EndProject
Global
	GlobalSection(SolutionConfigurationPlatforms) = preSolution
		Debug|Any CPU = Debug|Any CPU
		Release|Any CPU = Release|Any CPU
	EndGlobalSection
	GlobalSection(ProjectConfigurationPlatforms) = postSolution
		{AC5E8F69-DBE3-47EF-96F1-EC40A38B9A69}.Debug|Any CPU.ActiveCfg = Debug|Any CPU
		{AC5E8F69-DBE3-47EF-96F1-EC40A38B9A69}.Debug|Any CPU.Build.0 = Debug|Any CPU
		{AC5E8F69-DBE3-47EF-96F1-EC40A38B9A69}.Release|Any CPU.ActiveCfg = Release|Any CPU
		{AC5E8F69-DBE3-47EF-96F1-EC40A38B9A69}.Release|Any CPU.Build.0 = Release|Any CPU
		{85E96747-703A-452A-A305-3B6D52D14ED9}.Debug|Any CPU.ActiveCfg = Debug|Any CPU
		{85E96747-703A-452A-A305-3B6D52D14ED9}.Debug|Any CPU.Build.0 = Debug|Any CPU
		{85E96747-703A-452A-A305-3B6D52D14ED9}.Release|Any CPU.ActiveCfg = Release|Any CPU
		{85E96747-703A-452A-A305-3B6D52D14ED9}.Release|Any CPU.Build.0 = Release|Any CPU
		{5C104B5C-8270-4CDF-BBA8-3E19B82BEC5A}.Debug|Any CPU.ActiveCfg = Debug|Any CPU
		{5C104B5C-8270-4CDF-BBA8-3E19B82BEC5A}.Debug|Any CPU.Build.0 = Debug|Any CPU
		{5C104B5C-8270-4CDF-BBA8-3E19B82BEC5A}.Release|Any CPU.ActiveCfg = Release|Any CPU
		{5C104B5C-8270-4CDF-BBA8-3E19B82BEC5A}.Release|Any CPU.Build.0 = Release|Any CPU
	EndGlobalSection
	GlobalSection(SolutionProperties) = preSolution
		HideSolutionNode = FALSE
	EndGlobalSection
	GlobalSection(ExtensibilityGlobals) = postSolution
		SolutionGuid = {34960CF6-A85C-4670-9FB2-34E5589B58F5}
	EndGlobalSection
EndGlobal
